# THIS IS AN AUTOGENERATED FILE. DO NOT EDIT THIS FILE DIRECTLY.
# yarn lockfile v1


balance-text@^3.2.0:
  version "3.3.0"
  resolved "https://registry.yarnpkg.com/balance-text/-/balance-text-3.3.0.tgz#8af2bc65a3e396b8f55f41b216327c33500544b7"
  integrity sha512-UqP+MT0lQhMAdFGyHwRXrtfto6ndzelPe1Az94ZOcFsui7+RIwM9aNcQPRsIGOwHptm7h7OqeYX57CCLgWNXQA==

clipboard@^2.0.8:
  version "2.0.8"
  resolved "https://registry.yarnpkg.com/clipboard/-/clipboard-2.0.8.tgz#ffc6c103dd2967a83005f3f61976aa4655a4cdba"
  integrity sha512-Y6WO0unAIQp5bLmk1zdThRhgJt/x3ks6f30s3oE3H1mgIEU33XyQjEf8gsf6DxC7NPX8Y1SsNWjUjL/ywLnnbQ==
  dependencies:
    good-listener "^1.2.2"
    select "^1.1.2"
    tiny-emitter "^2.0.0"

delegate@^3.1.2:
  version "3.2.0"
  resolved "https://registry.yarnpkg.com/delegate/-/delegate-3.2.0.tgz#b66b71c3158522e8ab5744f720d8ca0c2af59166"
  integrity sha512-IofjkYBZaZivn0V8nnsMJGBr4jVLxHDheKSW88PyxS5QC4Vo9ZbZVvhzlSxY87fVq3STR6r+4cGepyHkcWOQSw==

ep-jquery-tokeninput@^1.8.10:
  version "1.8.10"
  resolved "https://registry.yarnpkg.com/ep-jquery-tokeninput/-/ep-jquery-tokeninput-1.8.10.tgz#9596125a49877bf99d54eb13cf95371e44c931ca"
  integrity sha1-lZYSWkmHe/mdVOsTz5U3HkTJMco=

ev-emitter@^1.0.0:
  version "1.1.1"
  resolved "https://registry.yarnpkg.com/ev-emitter/-/ev-emitter-1.1.1.tgz#8f18b0ce5c76a5d18017f71c0a795c65b9138f2a"
  integrity sha512-ipiDYhdQSCZ4hSbX4rMW+XzNKMD1prg/sTvoVmSLkuQ1MVlwjJQQA+sW8tMYR3BLUr9KjodFV4pvzunvRhd33Q==

good-listener@^1.2.2:
  version "1.2.2"
  resolved "https://registry.yarnpkg.com/good-listener/-/good-listener-1.2.2.tgz#d53b30cdf9313dffb7dc9a0d477096aa6d145c50"
  integrity sha1-1TswzfkxPf+33JoNR3CWqm0UXFA=
  dependencies:
    delegate "^3.1.2"

imagesloaded@^4.1.4:
  version "4.1.4"
  resolved "https://registry.yarnpkg.com/imagesloaded/-/imagesloaded-4.1.4.tgz#1376efcd162bb768c34c3727ac89cc04051f3cc7"
  integrity sha512-ltiBVcYpc/TYTF5nolkMNsnREHW+ICvfQ3Yla2Sgr71YFwQ86bDwV9hgpFhFtrGPuwEx5+LqOHIrdXBdoWwwsA==
  dependencies:
    ev-emitter "^1.0.0"

jquery-deserialize@^2.0.0-rc1:
  version "2.0.0-rc1"
  resolved "https://registry.yarnpkg.com/jquery-deserialize/-/jquery-deserialize-2.0.0-rc1.tgz#86420415f0a9cd439a65a8e1ecdc96742674cd2d"
  integrity sha1-hkIEFfCpzUOaZajh7NyWdCZ0zS0=
  dependencies:
    jquery ">=1.4.3"

jquery.cookie@^1.4.1:
  version "1.4.1"
  resolved "https://registry.yarnpkg.com/jquery.cookie/-/jquery.cookie-1.4.1.tgz#d63dce209eab691fe63316db08ca9e47e0f9385b"
  integrity sha1-1j3OIJ6raR/mMxbbCMqeR+D5OFs=

jquery@>=1.4.3:
  version "3.4.1"
  resolved "https://registry.yarnpkg.com/jquery/-/jquery-3.4.1.tgz#714f1f8d9dde4bdfa55764ba37ef214630d80ef2"
  integrity sha512-36+AdBzCL+y6qjw5Tx7HgzeGCzC81MDDgaUP8ld2zhx58HdqXGoBd+tHdrBMiyjGQs0Hxs/MLZTu/eHNJJuWPw==

jquery@^3.6.0:
  version "3.6.0"
  resolved "https://registry.yarnpkg.com/jquery/-/jquery-3.6.0.tgz#c72a09f15c1bdce142f49dbf1170bdf8adac2470"
  integrity sha512-JVzAR/AjBvVt2BmYhxRCSYysDsPcssdmTFnzyLEts9qNwmjmu4JTAMYubEfwVOSwpQ1I1sKKFcxhZCI2buerfw==

medium-editor@^5.23.2:
  version "5.23.3"
  resolved "https://registry.yarnpkg.com/medium-editor/-/medium-editor-5.23.3.tgz#6fb638759ae2fc76c423feb056f346d9c518d3b7"
  integrity sha512-he9/TdjX8f8MGdXGfCs8AllrYnqXJJvjNkDKmPg3aPW/uoIrlRqtkFthrwvmd+u4QyzEiadhCCM0EwTiRdUCJw==

select@^1.1.2:
  version "1.1.2"
  resolved "https://registry.yarnpkg.com/select/-/select-1.1.2.tgz#0e7350acdec80b1108528786ec1d4418d11b396d"
  integrity sha1-DnNQrN7ICxEIUoeG7B1EGNEbOW0=

smartquotes@^2.3.2:
  version "2.3.2"
  resolved "https://registry.yarnpkg.com/smartquotes/-/smartquotes-2.3.2.tgz#fb1630c49ba04e57446e1a97dc10d590072af4a6"
  integrity sha512-0R6YJ5hLpDH4mZR7N5eZ12oCMLspvGOHL9A9SEm2e3b/CQmQidekW4SWSKEmor/3x6m3NCBBEqLzikcZC9VJNQ==

sortablejs@^1.13.0:
  version "1.13.0"
  resolved "https://registry.yarnpkg.com/sortablejs/-/sortablejs-1.13.0.tgz#3ab2473f8c69ca63569e80b1cd1b5669b51269e9"
  integrity sha512-RBJirPY0spWCrU5yCmWM1eFs/XgX2J5c6b275/YyxFRgnzPhKl/TDeU2hNR8Dt7ITq66NRPM4UlOt+e5O4CFHg==

tiny-emitter@^2.0.0:
  version "2.1.0"
  resolved "https://registry.yarnpkg.com/tiny-emitter/-/tiny-emitter-2.1.0.tgz#1d1a56edfc51c43e863cbb5382a72330e3555423"
  integrity sha512-NB6Dk1A9xgQPMoGqC5CVXn123gWyte215ONT5Pp5a0yt4nlEoO1ZWeCwpncaekPHXO60i47ihFnZPiRPjRMq4Q==

underscore@^1.12.1:
  version "1.13.1"
  resolved "https://registry.yarnpkg.com/underscore/-/underscore-1.13.1.tgz#0c1c6bd2df54b6b69f2314066d65b6cde6fcf9d1"
  integrity sha512-hzSoAVtJF+3ZtiFX0VgfFPHEDRm7Y/QPjGyNo4TVdnDTdft3tr8hEkD25a1jC+TjTuE7tkHGKkhwCgs9dgBB2g==
